
Microsoft Visual Studio Solution File, Format Version 12.00
# Visual Studio Version 17
VisualStudioVersion = 17.14.36212.18 d17.14
MinimumVisualStudioVersion = 10.0.40219.1
Project("{8BC9CEB8-8B4A-11D0-8D11-00A0C91BC942}") = "GreeterProject", "GreeterProject.vcxproj", "{8E8419FB-8627-47A1-8016-4F6AB3CDAC7B}"
EndProject
Project("{2150E333-8FDC-42A3-9474-1A3956D46DE8}") = "Элементы решения", "Элементы решения", "{754FC069-D67B-A9D7-50A1-8D1CA196D8F1}"
	ProjectSection(SolutionItems) = preProject
		.gitignore = .gitignore
	EndProjectSection
EndProject
Project("{8BC9CEB8-8B4A-11D0-8D11-00A0C91BC942}") = "GreeterStaticLibrary", "..\GreeterStaticLibrary\GreeterStaticLibrary.vcxproj", "{9AB9E41E-3AD8-4CC6-9909-E21E21661CBA}"
EndProject
Global
	GlobalSection(SolutionConfigurationPlatforms) = preSolution
		Debug|x64 = Debug|x64
		Debug|x86 = Debug|x86
		Release|x64 = Release|x64
		Release|x86 = Release|x86
	EndGlobalSection
	GlobalSection(ProjectConfigurationPlatforms) = postSolution
		{8E8419FB-8627-47A1-8016-4F6AB3CDAC7B}.Debug|x64.ActiveCfg = Debug|x64
		{8E8419FB-8627-47A1-8016-4F6AB3CDAC7B}.Debug|x64.Build.0 = Debug|x64
		{8E8419FB-8627-47A1-8016-4F6AB3CDAC7B}.Debug|x86.ActiveCfg = Debug|Win32
		{8E8419FB-8627-47A1-8016-4F6AB3CDAC7B}.Debug|x86.Build.0 = Debug|Win32
		{8E8419FB-8627-47A1-8016-4F6AB3CDAC7B}.Release|x64.ActiveCfg = Release|x64
		{8E8419FB-8627-47A1-8016-4F6AB3CDAC7B}.Release|x64.Build.0 = Release|x64
		{8E8419FB-8627-47A1-8016-4F6AB3CDAC7B}.Release|x86.ActiveCfg = Release|Win32
		{8E8419FB-8627-47A1-8016-4F6AB3CDAC7B}.Release|x86.Build.0 = Release|Win32
		{9AB9E41E-3AD8-4CC6-9909-E21E21661CBA}.Debug|x64.ActiveCfg = Debug|x64
		{9AB9E41E-3AD8-4CC6-9909-E21E21661CBA}.Debug|x64.Build.0 = Debug|x64
		{9AB9E41E-3AD8-4CC6-9909-E21E21661CBA}.Debug|x86.ActiveCfg = Debug|Win32
		{9AB9E41E-3AD8-4CC6-9909-E21E21661CBA}.Debug|x86.Build.0 = Debug|Win32
		{9AB9E41E-3AD8-4CC6-9909-E21E21661CBA}.Release|x64.ActiveCfg = Release|x64
		{9AB9E41E-3AD8-4CC6-9909-E21E21661CBA}.Release|x64.Build.0 = Release|x64
		{9AB9E41E-3AD8-4CC6-9909-E21E21661CBA}.Release|x86.ActiveCfg = Release|Win32
		{9AB9E41E-3AD8-4CC6-9909-E21E21661CBA}.Release|x86.Build.0 = Release|Win32
	EndGlobalSection
	GlobalSection(SolutionProperties) = preSolution
		HideSolutionNode = FALSE
	EndGlobalSection
	GlobalSection(ExtensibilityGlobals) = postSolution
		SolutionGuid = {7F579C2D-6C10-4BEE-B998-A24944ACC798}
	EndGlobalSection
EndGlobal
